
Microsoft Visual Studio Solution File, Format Version 12.00
# Visual Studio Version 17
VisualStudioVersion = 17.9.34607.119
MinimumVisualStudioVersion = 10.0.40219.1
Project("{888888A0-9F3D-457C-B088-3A5042F75D52}") = "test_bio", "test_bio.pyproj", "{56CFAB93-5AAC-4C46-B43B-6653A190A4E5}"
EndProject
Global
	GlobalSection(SolutionConfigurationPlatforms) = preSolution
		Debug|Any CPU = Debug|Any CPU
		Release|Any CPU = Release|Any CPU
	EndGlobalSection
	GlobalSection(ProjectConfigurationPlatforms) = postSolution
		{56CFAB93-5AAC-4C46-B43B-6653A190A4E5}.Debug|Any CPU.ActiveCfg = Debug|Any CPU
		{56CFAB93-5AAC-4C46-B43B-6653A190A4E5}.Release|Any CPU.ActiveCfg = Release|Any CPU
	EndGlobalSection
	GlobalSection(SolutionProperties) = preSolution
		HideSolutionNode = FALSE
	EndGlobalSection
	GlobalSection(ExtensibilityGlobals) = postSolution
		SolutionGuid = {E9F99266-62AC-43B3-B705-5FA16B271880}
	EndGlobalSection
EndGlobal
